github.com/jpanther/congo v1.3.0 h1:amNmYpHKErQQcB8hz3ZW+aFFVmKLxcDD5DgdkCKYvIA=
github.com/jpanther/congo v1.3.0/go.mod h1:fFwW7KKbofyaZgwLJdh6h1L51UZrSyymQgk31rclcuQ=
github.com/jpanther/congo v1.4.0 h1:8Yd7sa1Nj0HsOFGqDwm3t5v130PrjkwiKXyPlfQLpqU=
github.com/jpanther/congo v1.4.0/go.mod h1:fFwW7KKbofyaZgwLJdh6h1L51UZrSyymQgk31rclcuQ=
github.com/jpanther/congo v1.5.3 h1:LBmLn+XnA1fG3GpT10m/0VSzkInzw3mpHD2wvRDwYNU=
github.com/jpanther/congo v1.5.3/go.mod h1:fFwW7KKbofyaZgwLJdh6h1L51UZrSyymQgk31rclcuQ=
github.com/jpanther/congo v1.6.0 h1:7x/XhNVUprrpCQVo23RdvcmB7nfqbShaRdT0d1Mb6RY=
github.com/jpanther/congo v1.6.0/go.mod h1:fFwW7KKbofyaZgwLJdh6h1L51UZrSyymQgk31rclcuQ=
github.com/jpanther/congo v1.6.4 h1:Pf84RN3jXMYVbeZIyPCb5krSDIjvuwbo7sv5fCGwbAE=
github.com/jpanther/congo v1.6.4/go.mod h1:fFwW7KKbofyaZgwLJdh6h1L51UZrSyymQgk31rclcuQ=
github.com/jpanther/congo/v2 v2.0.5 h1:fz+0f2F06DWWj4puySLbsXpB2Vb77eRZGQsawLNCCQM=
github.com/jpanther/congo/v2 v2.0.5/go.mod h1:1S7DRoO1ZYS4YUdFd1LjTkdyjQwsjFWd8TqSfz3Jd+M=
github.com/jpanther/congo/v2 v2.3.0 h1:xdSjS09G7//0UXhdhrqlKjcYTdXq/BzgMUu8P8Z2RtE=
github.com/jpanther/congo/v2 v2.3.0/go.mod h1:1S7DRoO1ZYS4YUdFd1LjTkdyjQwsjFWd8TqSfz3Jd+M=
github.com/jpanther/congo/v2 v2.3.1 h1:klMXan3u9ix/OBN2jnQjdoaCkp2Qpqm/3D4G2+ccvvk=
github.com/jpanther/congo/v2 v2.3.1/go.mod h1:1S7DRoO1ZYS4YUdFd1LjTkdyjQwsjFWd8TqSfz3Jd+M=
github.com/jpanther/congo/v2 v2.4.0 h1:0fswnbuH8t0xHdeyLGeMCsTToZF+26btjvEVsAXTiEw=
github.com/jpanther/congo/v2 v2.4.0/go.mod h1:1S7DRoO1ZYS4YUdFd1LjTkdyjQwsjFWd8TqSfz3Jd+M=
github.com/jpanther/congo/v2 v2.4.1 h1:F9Nqi08otWCB0fi+ImnHuCnB053S9HullPtF4DsvQVk=
github.com/jpanther/congo/v2 v2.4.1/go.mod h1:1S7DRoO1ZYS4YUdFd1LjTkdyjQwsjFWd8TqSfz3Jd+M=
